{
  "name": "a-nodejs-project-example",
  "version": "1.0.0",
  "lockfileVersion": 1,
  "requires": true,
  "dependencies": {
    "is-upper-case": {
      "version": "2.0.1",
      "resolved": "https://registry.npmjs.org/is-upper-case/-/is-upper-case-2.0.1.tgz",
      "integrity": "sha512-u8gqRYwBqIDKUPPE5r0GkLaTSyFVTvcKlaBDXEFfno7TJbU3FxHOb55weCg6eLaYoFwc7N7COsfDSlHwvMqfzQ==",
      "requires": {
        "tslib": "^1.10.0"
      }
    },
    "tslib": {
      "version": "1.13.0",
      "resolved": "https://registry.npmjs.org/tslib/-/tslib-1.13.0.tgz",
      "integrity": "sha512-i/6DQjL8Xf3be4K/E6Wgpekn5Qasl1usyw++dAA35Ue5orEn65VIxOA+YvNNl9HV3qv70T7CNwjODHZrLwvd1Q=="
    }
  }
}
